
Microsoft Visual Studio Solution File, Format Version 12.00
# Visual Studio Version 17
VisualStudioVersion = 17.2.32616.157
MinimumVisualStudioVersion = 10.0.40219.1
Project("{9A19103F-16F7-4668-BE54-9A1E7A4F7556}") = "ArrayTest", "ArrayAndListQuiz\ArrayTest\ArrayTest.csproj", "{D0737A43-9830-4A06-8F1F-94A017E38786}"
EndProject
Project("{9A19103F-16F7-4668-BE54-9A1E7A4F7556}") = "ArraysAndLists", "ArraysAndListsProject\ArraysAndLists\ArraysAndLists.csproj", "{A69420C8-1A38-4911-BE42-DFBC36046575}"
EndProject
Project("{9A19103F-16F7-4668-BE54-9A1E7A4F7556}") = "CollectionsMasterConsoleUI", "CollectionsMasterApp\CollectionsMasterConsoleUI\CollectionsMasterConsoleUI.csproj", "{F8018998-69D0-4999-B31C-352C81F17B92}"
EndProject
Global
	GlobalSection(SolutionConfigurationPlatforms) = preSolution
		Debug|Any CPU = Debug|Any CPU
		Release|Any CPU = Release|Any CPU
	EndGlobalSection
	GlobalSection(ProjectConfigurationPlatforms) = postSolution
		{D0737A43-9830-4A06-8F1F-94A017E38786}.Debug|Any CPU.ActiveCfg = Debug|Any CPU
		{D0737A43-9830-4A06-8F1F-94A017E38786}.Debug|Any CPU.Build.0 = Debug|Any CPU
		{D0737A43-9830-4A06-8F1F-94A017E38786}.Release|Any CPU.ActiveCfg = Release|Any CPU
		{D0737A43-9830-4A06-8F1F-94A017E38786}.Release|Any CPU.Build.0 = Release|Any CPU
		{A69420C8-1A38-4911-BE42-DFBC36046575}.Debug|Any CPU.ActiveCfg = Debug|Any CPU
		{A69420C8-1A38-4911-BE42-DFBC36046575}.Debug|Any CPU.Build.0 = Debug|Any CPU
		{A69420C8-1A38-4911-BE42-DFBC36046575}.Release|Any CPU.ActiveCfg = Release|Any CPU
		{A69420C8-1A38-4911-BE42-DFBC36046575}.Release|Any CPU.Build.0 = Release|Any CPU
		{F8018998-69D0-4999-B31C-352C81F17B92}.Debug|Any CPU.ActiveCfg = Debug|Any CPU
		{F8018998-69D0-4999-B31C-352C81F17B92}.Debug|Any CPU.Build.0 = Debug|Any CPU
		{F8018998-69D0-4999-B31C-352C81F17B92}.Release|Any CPU.ActiveCfg = Release|Any CPU
		{F8018998-69D0-4999-B31C-352C81F17B92}.Release|Any CPU.Build.0 = Release|Any CPU
	EndGlobalSection
	GlobalSection(SolutionProperties) = preSolution
		HideSolutionNode = FALSE
	EndGlobalSection
	GlobalSection(ExtensibilityGlobals) = postSolution
		SolutionGuid = {100F426B-A68A-4428-A44E-08071BCABA50}
	EndGlobalSection
EndGlobal
